
Microsoft Visual Studio Solution File, Format Version 12.00
# Visual Studio Version 17
VisualStudioVersion = 17.13.35931.197
MinimumVisualStudioVersion = 10.0.40219.1
Project("{FAE04EC0-301F-11D3-BF4B-00C04F79EFBC}") = "BooksFilterApp", "BooksFilterApp\BooksFilterApp.csproj", "{2FAC68CF-FDD1-4983-9B5E-BEBD0D47432B}"
EndProject
Project("{FAE04EC0-301F-11D3-BF4B-00C04F79EFBC}") = "BooksFilterAppTestProject", "BooksFilterAppTestProject\BooksFilterAppTestProject.csproj", "{F03D265F-410E-42C5-B5B2-0E860F9A5352}"
EndProject
Global
	GlobalSection(SolutionConfigurationPlatforms) = preSolution
		Debug|Any CPU = Debug|Any CPU
		Release|Any CPU = Release|Any CPU
	EndGlobalSection
	GlobalSection(ProjectConfigurationPlatforms) = postSolution
		{2FAC68CF-FDD1-4983-9B5E-BEBD0D47432B}.Debug|Any CPU.ActiveCfg = Debug|Any CPU
		{2FAC68CF-FDD1-4983-9B5E-BEBD0D47432B}.Debug|Any CPU.Build.0 = Debug|Any CPU
		{2FAC68CF-FDD1-4983-9B5E-BEBD0D47432B}.Release|Any CPU.ActiveCfg = Release|Any CPU
		{2FAC68CF-FDD1-4983-9B5E-BEBD0D47432B}.Release|Any CPU.Build.0 = Release|Any CPU
		{F03D265F-410E-42C5-B5B2-0E860F9A5352}.Debug|Any CPU.ActiveCfg = Debug|Any CPU
		{F03D265F-410E-42C5-B5B2-0E860F9A5352}.Debug|Any CPU.Build.0 = Debug|Any CPU
		{F03D265F-410E-42C5-B5B2-0E860F9A5352}.Release|Any CPU.ActiveCfg = Release|Any CPU
		{F03D265F-410E-42C5-B5B2-0E860F9A5352}.Release|Any CPU.Build.0 = Release|Any CPU
	EndGlobalSection
	GlobalSection(SolutionProperties) = preSolution
		HideSolutionNode = FALSE
	EndGlobalSection
	GlobalSection(ExtensibilityGlobals) = postSolution
		SolutionGuid = {5C860822-4F3A-44E0-B7D1-1762004C9FFB}
	EndGlobalSection
EndGlobal
